
Microsoft Visual Studio Solution File, Format Version 12.00
# Visual Studio 15
VisualStudioVersion = 15.0.27004.2006
MinimumVisualStudioVersion = 10.0.40219.1
Project("{FAE04EC0-301F-11D3-BF4B-00C04F79EFBC}") = "pix_dtmodel", "pix_dtmodel\pix_dtmodel.csproj", "{B2CDABA1-C2A1-4704-B60F-04969D1607DA}"
EndProject
Project("{FAE04EC0-301F-11D3-BF4B-00C04F79EFBC}") = "pix_sec", "pix_sec\pix_sec.csproj", "{1EFE0A06-A233-44D6-BA33-76DAF72B3513}"
EndProject
Project("{FAE04EC0-301F-11D3-BF4B-00C04F79EFBC}") = "Tester", "Tester\Tester.csproj", "{767ABFEE-82D2-45AC-BF58-C65BB4D96FE9}"
EndProject
Project("{FAE04EC0-301F-11D3-BF4B-00C04F79EFBC}") = "Pix_Backend", "Pix_Backend\Pix_Backend.csproj", "{1336C010-8F5E-46E7-82D4-8618FB498927}"
EndProject
Project("{FAE04EC0-301F-11D3-BF4B-00C04F79EFBC}") = "Pix_Api", "Pix_Api\Pix_Api.csproj", "{0A88ABAE-B180-4CDF-9763-EF2827C6F28D}"
EndProject
Global
	GlobalSection(SolutionConfigurationPlatforms) = preSolution
		Debug|Any CPU = Debug|Any CPU
		Release|Any CPU = Release|Any CPU
	EndGlobalSection
	GlobalSection(ProjectConfigurationPlatforms) = postSolution
		{B2CDABA1-C2A1-4704-B60F-04969D1607DA}.Debug|Any CPU.ActiveCfg = Debug|Any CPU
		{B2CDABA1-C2A1-4704-B60F-04969D1607DA}.Debug|Any CPU.Build.0 = Debug|Any CPU
		{B2CDABA1-C2A1-4704-B60F-04969D1607DA}.Release|Any CPU.ActiveCfg = Release|Any CPU
		{B2CDABA1-C2A1-4704-B60F-04969D1607DA}.Release|Any CPU.Build.0 = Release|Any CPU
		{1EFE0A06-A233-44D6-BA33-76DAF72B3513}.Debug|Any CPU.ActiveCfg = Debug|Any CPU
		{1EFE0A06-A233-44D6-BA33-76DAF72B3513}.Debug|Any CPU.Build.0 = Debug|Any CPU
		{1EFE0A06-A233-44D6-BA33-76DAF72B3513}.Release|Any CPU.ActiveCfg = Release|Any CPU
		{1EFE0A06-A233-44D6-BA33-76DAF72B3513}.Release|Any CPU.Build.0 = Release|Any CPU
		{767ABFEE-82D2-45AC-BF58-C65BB4D96FE9}.Debug|Any CPU.ActiveCfg = Debug|Any CPU
		{767ABFEE-82D2-45AC-BF58-C65BB4D96FE9}.Debug|Any CPU.Build.0 = Debug|Any CPU
		{767ABFEE-82D2-45AC-BF58-C65BB4D96FE9}.Release|Any CPU.ActiveCfg = Release|Any CPU
		{767ABFEE-82D2-45AC-BF58-C65BB4D96FE9}.Release|Any CPU.Build.0 = Release|Any CPU
		{1336C010-8F5E-46E7-82D4-8618FB498927}.Debug|Any CPU.ActiveCfg = Debug|Any CPU
		{1336C010-8F5E-46E7-82D4-8618FB498927}.Debug|Any CPU.Build.0 = Debug|Any CPU
		{1336C010-8F5E-46E7-82D4-8618FB498927}.Release|Any CPU.ActiveCfg = Release|Any CPU
		{1336C010-8F5E-46E7-82D4-8618FB498927}.Release|Any CPU.Build.0 = Release|Any CPU
		{0A88ABAE-B180-4CDF-9763-EF2827C6F28D}.Debug|Any CPU.ActiveCfg = Debug|Any CPU
		{0A88ABAE-B180-4CDF-9763-EF2827C6F28D}.Debug|Any CPU.Build.0 = Debug|Any CPU
		{0A88ABAE-B180-4CDF-9763-EF2827C6F28D}.Release|Any CPU.ActiveCfg = Release|Any CPU
		{0A88ABAE-B180-4CDF-9763-EF2827C6F28D}.Release|Any CPU.Build.0 = Release|Any CPU
	EndGlobalSection
	GlobalSection(SolutionProperties) = preSolution
		HideSolutionNode = FALSE
	EndGlobalSection
	GlobalSection(ExtensibilityGlobals) = postSolution
		SolutionGuid = {6F161ADD-A603-4AA6-83B7-B258DA76102A}
	EndGlobalSection
EndGlobal
